
Microsoft Visual Studio Solution File, Format Version 12.00
# Visual Studio 14
VisualStudioVersion = 14.0.25420.1
MinimumVisualStudioVersion = 10.0.40219.1
Project("{FAE04EC0-301F-11D3-BF4B-00C04F79EFBC}") = "BBox3Tool", "BBox3Tool\BBox3Tool.csproj", "{5AEE2A80-E0BF-438D-A5D2-601D0A4E114B}"
EndProject
Global
	GlobalSection(SolutionConfigurationPlatforms) = preSolution
		Debug|Any CPU = Debug|Any CPU
		Release|Any CPU = Release|Any CPU
	EndGlobalSection
	GlobalSection(ProjectConfigurationPlatforms) = postSolution
		{5AEE2A80-E0BF-438D-A5D2-601D0A4E114B}.Debug|Any CPU.ActiveCfg = Debug|Any CPU
		{5AEE2A80-E0BF-438D-A5D2-601D0A4E114B}.Debug|Any CPU.Build.0 = Debug|Any CPU
		{5AEE2A80-E0BF-438D-A5D2-601D0A4E114B}.Release|Any CPU.ActiveCfg = Release|Any CPU
		{5AEE2A80-E0BF-438D-A5D2-601D0A4E114B}.Release|Any CPU.Build.0 = Release|Any CPU
	EndGlobalSection
	GlobalSection(SolutionProperties) = preSolution
		HideSolutionNode = FALSE
	EndGlobalSection
EndGlobal
